
Microsoft Visual Studio Solution File, Format Version 12.00
# Visual Studio 15
VisualStudioVersion = 15.0.27130.2036
MinimumVisualStudioVersion = 10.0.40219.1
Project("{8BC9CEB8-8B4A-11D0-8D11-00A0C91BC942}") = "initialtemplate", "initialtemplate\initialtemplate.vcxproj", "{BE657A1F-E946-4C7D-A719-F5683B870EBE}"
EndProject
Project("{8BC9CEB8-8B4A-11D0-8D11-00A0C91BC942}") = "WindowLayout", "WindowLayout\WindowLayout.vcxproj", "{B58104F8-2F68-46FB-BAE6-1DC6C9027344}"
EndProject
Project("{8BC9CEB8-8B4A-11D0-8D11-00A0C91BC942}") = "AnimatedPixels", "AnimatedPixels\AnimatedPixels.vcxproj", "{695B225F-2F4D-47B3-8648-A159091F23DB}"
EndProject
Project("{2150E333-8FDC-42A3-9474-1A3956D46DE8}") = "01.Arrays", "01.Arrays", "{A3DF74D9-1EFE-4ABE-84F5-04004ED20095}"
EndProject
Project("{2150E333-8FDC-42A3-9474-1A3956D46DE8}") = "00.templates", "00.templates", "{E60BCB28-C7EC-4915-AC30-1E3136CF2B1E}"
EndProject
Project("{8BC9CEB8-8B4A-11D0-8D11-00A0C91BC942}") = "bitmaps", "bitmaps\bitmaps.vcxproj", "{3B083B7A-D2D8-4287-8A46-65F4BBBCD16D}"
EndProject
Project("{2150E333-8FDC-42A3-9474-1A3956D46DE8}") = "02.Animation", "02.Animation", "{9507188D-9960-4BEC-9E0A-751B73E81E10}"
EndProject
Project("{8BC9CEB8-8B4A-11D0-8D11-00A0C91BC942}") = "animation01", "animation01\animation01.vcxproj", "{96949193-AC71-48F7-A0D6-C61C6735E4A0}"
EndProject
Project("{8BC9CEB8-8B4A-11D0-8D11-00A0C91BC942}") = "simplesprite01", "simplesprite01\simplesprite01.vcxproj", "{4A800AFD-93B0-43A9-886E-7B0C44172417}"
EndProject
Global
	GlobalSection(SolutionConfigurationPlatforms) = preSolution
		Debug|x64 = Debug|x64
		Debug|x86 = Debug|x86
		Release|x64 = Release|x64
		Release|x86 = Release|x86
	EndGlobalSection
	GlobalSection(ProjectConfigurationPlatforms) = postSolution
		{BE657A1F-E946-4C7D-A719-F5683B870EBE}.Debug|x64.ActiveCfg = Debug|x64
		{BE657A1F-E946-4C7D-A719-F5683B870EBE}.Debug|x64.Build.0 = Debug|x64
		{BE657A1F-E946-4C7D-A719-F5683B870EBE}.Debug|x86.ActiveCfg = Debug|Win32
		{BE657A1F-E946-4C7D-A719-F5683B870EBE}.Debug|x86.Build.0 = Debug|Win32
		{BE657A1F-E946-4C7D-A719-F5683B870EBE}.Release|x64.ActiveCfg = Release|x64
		{BE657A1F-E946-4C7D-A719-F5683B870EBE}.Release|x64.Build.0 = Release|x64
		{BE657A1F-E946-4C7D-A719-F5683B870EBE}.Release|x86.ActiveCfg = Release|Win32
		{BE657A1F-E946-4C7D-A719-F5683B870EBE}.Release|x86.Build.0 = Release|Win32
		{B58104F8-2F68-46FB-BAE6-1DC6C9027344}.Debug|x64.ActiveCfg = Debug|x64
		{B58104F8-2F68-46FB-BAE6-1DC6C9027344}.Debug|x64.Build.0 = Debug|x64
		{B58104F8-2F68-46FB-BAE6-1DC6C9027344}.Debug|x86.ActiveCfg = Debug|Win32
		{B58104F8-2F68-46FB-BAE6-1DC6C9027344}.Debug|x86.Build.0 = Debug|Win32
		{B58104F8-2F68-46FB-BAE6-1DC6C9027344}.Release|x64.ActiveCfg = Release|x64
		{B58104F8-2F68-46FB-BAE6-1DC6C9027344}.Release|x64.Build.0 = Release|x64
		{B58104F8-2F68-46FB-BAE6-1DC6C9027344}.Release|x86.ActiveCfg = Release|Win32
		{B58104F8-2F68-46FB-BAE6-1DC6C9027344}.Release|x86.Build.0 = Release|Win32
		{695B225F-2F4D-47B3-8648-A159091F23DB}.Debug|x64.ActiveCfg = Debug|x64
		{695B225F-2F4D-47B3-8648-A159091F23DB}.Debug|x64.Build.0 = Debug|x64
		{695B225F-2F4D-47B3-8648-A159091F23DB}.Debug|x86.ActiveCfg = Debug|Win32
		{695B225F-2F4D-47B3-8648-A159091F23DB}.Debug|x86.Build.0 = Debug|Win32
		{695B225F-2F4D-47B3-8648-A159091F23DB}.Release|x64.ActiveCfg = Release|x64
		{695B225F-2F4D-47B3-8648-A159091F23DB}.Release|x64.Build.0 = Release|x64
		{695B225F-2F4D-47B3-8648-A159091F23DB}.Release|x86.ActiveCfg = Release|Win32
		{695B225F-2F4D-47B3-8648-A159091F23DB}.Release|x86.Build.0 = Release|Win32
		{3B083B7A-D2D8-4287-8A46-65F4BBBCD16D}.Debug|x64.ActiveCfg = Debug|x64
		{3B083B7A-D2D8-4287-8A46-65F4BBBCD16D}.Debug|x64.Build.0 = Debug|x64
		{3B083B7A-D2D8-4287-8A46-65F4BBBCD16D}.Debug|x86.ActiveCfg = Debug|Win32
		{3B083B7A-D2D8-4287-8A46-65F4BBBCD16D}.Debug|x86.Build.0 = Debug|Win32
		{3B083B7A-D2D8-4287-8A46-65F4BBBCD16D}.Release|x64.ActiveCfg = Release|x64
		{3B083B7A-D2D8-4287-8A46-65F4BBBCD16D}.Release|x64.Build.0 = Release|x64
		{3B083B7A-D2D8-4287-8A46-65F4BBBCD16D}.Release|x86.ActiveCfg = Release|Win32
		{3B083B7A-D2D8-4287-8A46-65F4BBBCD16D}.Release|x86.Build.0 = Release|Win32
		{96949193-AC71-48F7-A0D6-C61C6735E4A0}.Debug|x64.ActiveCfg = Debug|x64
		{96949193-AC71-48F7-A0D6-C61C6735E4A0}.Debug|x64.Build.0 = Debug|x64
		{96949193-AC71-48F7-A0D6-C61C6735E4A0}.Debug|x86.ActiveCfg = Debug|Win32
		{96949193-AC71-48F7-A0D6-C61C6735E4A0}.Debug|x86.Build.0 = Debug|Win32
		{96949193-AC71-48F7-A0D6-C61C6735E4A0}.Release|x64.ActiveCfg = Release|x64
		{96949193-AC71-48F7-A0D6-C61C6735E4A0}.Release|x64.Build.0 = Release|x64
		{96949193-AC71-48F7-A0D6-C61C6735E4A0}.Release|x86.ActiveCfg = Release|Win32
		{96949193-AC71-48F7-A0D6-C61C6735E4A0}.Release|x86.Build.0 = Release|Win32
		{4A800AFD-93B0-43A9-886E-7B0C44172417}.Debug|x64.ActiveCfg = Debug|x64
		{4A800AFD-93B0-43A9-886E-7B0C44172417}.Debug|x64.Build.0 = Debug|x64
		{4A800AFD-93B0-43A9-886E-7B0C44172417}.Debug|x86.ActiveCfg = Debug|Win32
		{4A800AFD-93B0-43A9-886E-7B0C44172417}.Debug|x86.Build.0 = Debug|Win32
		{4A800AFD-93B0-43A9-886E-7B0C44172417}.Release|x64.ActiveCfg = Release|x64
		{4A800AFD-93B0-43A9-886E-7B0C44172417}.Release|x64.Build.0 = Release|x64
		{4A800AFD-93B0-43A9-886E-7B0C44172417}.Release|x86.ActiveCfg = Release|Win32
		{4A800AFD-93B0-43A9-886E-7B0C44172417}.Release|x86.Build.0 = Release|Win32
	EndGlobalSection
	GlobalSection(SolutionProperties) = preSolution
		HideSolutionNode = FALSE
	EndGlobalSection
	GlobalSection(NestedProjects) = preSolution
		{BE657A1F-E946-4C7D-A719-F5683B870EBE} = {E60BCB28-C7EC-4915-AC30-1E3136CF2B1E}
		{B58104F8-2F68-46FB-BAE6-1DC6C9027344} = {A3DF74D9-1EFE-4ABE-84F5-04004ED20095}
		{695B225F-2F4D-47B3-8648-A159091F23DB} = {A3DF74D9-1EFE-4ABE-84F5-04004ED20095}
		{3B083B7A-D2D8-4287-8A46-65F4BBBCD16D} = {A3DF74D9-1EFE-4ABE-84F5-04004ED20095}
		{96949193-AC71-48F7-A0D6-C61C6735E4A0} = {9507188D-9960-4BEC-9E0A-751B73E81E10}
		{4A800AFD-93B0-43A9-886E-7B0C44172417} = {9507188D-9960-4BEC-9E0A-751B73E81E10}
	EndGlobalSection
	GlobalSection(ExtensibilityGlobals) = postSolution
		SolutionGuid = {C0F117FC-05F0-4FB7-9621-1B109ACAF1B8}
	EndGlobalSection
EndGlobal
