
Microsoft Visual Studio Solution File, Format Version 12.00
# Visual Studio 15
VisualStudioVersion = 15.0.27130.2027
MinimumVisualStudioVersion = 10.0.40219.1
Project("{8BC9CEB8-8B4A-11D0-8D11-00A0C91BC942}") = "initialtemplate", "initialtemplate\initialtemplate.vcxproj", "{BE657A1F-E946-4C7D-A719-F5683B870EBE}"
EndProject
Global
	GlobalSection(SolutionConfigurationPlatforms) = preSolution
		Debug|x64 = Debug|x64
		Debug|x86 = Debug|x86
		Release|x64 = Release|x64
		Release|x86 = Release|x86
	EndGlobalSection
	GlobalSection(ProjectConfigurationPlatforms) = postSolution
		{BE657A1F-E946-4C7D-A719-F5683B870EBE}.Debug|x64.ActiveCfg = Debug|x64
		{BE657A1F-E946-4C7D-A719-F5683B870EBE}.Debug|x64.Build.0 = Debug|x64
		{BE657A1F-E946-4C7D-A719-F5683B870EBE}.Debug|x86.ActiveCfg = Debug|Win32
		{BE657A1F-E946-4C7D-A719-F5683B870EBE}.Debug|x86.Build.0 = Debug|Win32
		{BE657A1F-E946-4C7D-A719-F5683B870EBE}.Release|x64.ActiveCfg = Release|x64
		{BE657A1F-E946-4C7D-A719-F5683B870EBE}.Release|x64.Build.0 = Release|x64
		{BE657A1F-E946-4C7D-A719-F5683B870EBE}.Release|x86.ActiveCfg = Release|Win32
		{BE657A1F-E946-4C7D-A719-F5683B870EBE}.Release|x86.Build.0 = Release|Win32
	EndGlobalSection
	GlobalSection(SolutionProperties) = preSolution
		HideSolutionNode = FALSE
	EndGlobalSection
	GlobalSection(ExtensibilityGlobals) = postSolution
		SolutionGuid = {C0F117FC-05F0-4FB7-9621-1B109ACAF1B8}
	EndGlobalSection
EndGlobal
